// !$*UTF8*$!
{
	archiveVersion = 1;
	classes = {
	};
	objectVersion = 55;
	objects = {

/* Begin PBXBuildFile section */
		7B754C62283534B0005C8D76 /* FruitInformation.swift in Sources */ = {isa = PBXBuildFile; fileRef = 7B754C61283534B0005C8D76 /* FruitInformation.swift */; };
		7B754C6428353822005C8D76 /* LoadData.swift in Sources */ = {isa = PBXBuildFile; fileRef = 7B754C6328353822005C8D76 /* LoadData.swift */; };
		7B754C6A28353E88005C8D76 /* fruitInfo.json in Resources */ = {isa = PBXBuildFile; fileRef = 7B754C6928353E88005C8D76 /* fruitInfo.json */; };
		7B7562912833BFAF00818FC6 /* FruitHealthApp.swift in Sources */ = {isa = PBXBuildFile; fileRef = 7B7562902833BFAF00818FC6 /* FruitHealthApp.swift */; };
		7B7562932833BFAF00818FC6 /* ContentView.swift in Sources */ = {isa = PBXBuildFile; fileRef = 7B7562922833BFAF00818FC6 /* ContentView.swift */; };
		7B7562952833BFB000818FC6 /* Assets.xcassets in Resources */ = {isa = PBXBuildFile; fileRef = 7B7562942833BFB000818FC6 /* Assets.xcassets */; };
		7B7562982833BFB000818FC6 /* Preview Assets.xcassets in Resources */ = {isa = PBXBuildFile; fileRef = 7B7562972833BFB000818FC6 /* Preview Assets.xcassets */; };
		7B75629F2833BFD600818FC6 /* CardView.swift in Sources */ = {isa = PBXBuildFile; fileRef = 7B75629E2833BFD600818FC6 /* CardView.swift */; };
		7B7562A32834955F00818FC6 /* ResultDisplayView.swift in Sources */ = {isa = PBXBuildFile; fileRef = 7B7562A22834955F00818FC6 /* ResultDisplayView.swift */; };
		7B7562C12835153800818FC6 /* ImagePickerView.swift in Sources */ = {isa = PBXBuildFile; fileRef = 7B7562C02835153800818FC6 /* ImagePickerView.swift */; };
/* End PBXBuildFile section */

/* Begin PBXFileReference section */
		7B754C61283534B0005C8D76 /* FruitInformation.swift */ = {isa = PBXFileReference; lastKnownFileType = sourcecode.swift; path = FruitInformation.swift; sourceTree = "<group>"; };
		7B754C6328353822005C8D76 /* LoadData.swift */ = {isa = PBXFileReference; lastKnownFileType = sourcecode.swift; path = LoadData.swift; sourceTree = "<group>"; };
		7B754C6928353E88005C8D76 /* fruitInfo.json */ = {isa = PBXFileReference; fileEncoding = 4; lastKnownFileType = text.json; path = fruitInfo.json; sourceTree = "<group>"; };
		7B75628D2833BFAF00818FC6 /* FruitHealth.app */ = {isa = PBXFileReference; explicitFileType = wrapper.application; includeInIndex = 0; path = FruitHealth.app; sourceTree = BUILT_PRODUCTS_DIR; };
		7B7562902833BFAF00818FC6 /* FruitHealthApp.swift */ = {isa = PBXFileReference; lastKnownFileType = sourcecode.swift; path = FruitHealthApp.swift; sourceTree = "<group>"; };
		7B7562922833BFAF00818FC6 /* ContentView.swift */ = {isa = PBXFileReference; lastKnownFileType = sourcecode.swift; path = ContentView.swift; sourceTree = "<group>"; };
		7B7562942833BFB000818FC6 /* Assets.xcassets */ = {isa = PBXFileReference; lastKnownFileType = folder.assetcatalog; path = Assets.xcassets; sourceTree = "<group>"; };
		7B7562972833BFB000818FC6 /* Preview Assets.xcassets */ = {isa = PBXFileReference; lastKnownFileType = folder.assetcatalog; path = "Preview Assets.xcassets"; sourceTree = "<group>"; };
		7B75629E2833BFD600818FC6 /* CardView.swift */ = {isa = PBXFileReference; fileEncoding = 4; lastKnownFileType = sourcecode.swift; path = CardView.swift; sourceTree = "<group>"; };
		7B7562A22834955F00818FC6 /* ResultDisplayView.swift */ = {isa = PBXFileReference; indentWidth = 4; lastKnownFileType = sourcecode.swift; path = ResultDisplayView.swift; sourceTree = "<group>"; tabWidth = 4; };
		7B7562C02835153800818FC6 /* ImagePickerView.swift */ = {isa = PBXFileReference; lastKnownFileType = sourcecode.swift; path = ImagePickerView.swift; sourceTree = "<group>"; };
/* End PBXFileReference section */

/* Begin PBXFrameworksBuildPhase section */
		7B75628A2833BFAF00818FC6 /* Frameworks */ = {
			isa = PBXFrameworksBuildPhase;
			buildActionMask = 2147483647;
			files = (
			);
			runOnlyForDeploymentPostprocessing = 0;
		};
/* End PBXFrameworksBuildPhase section */

/* Begin PBXGroup section */
		7B754C66283538E4005C8D76 /* Views */ = {
			isa = PBXGroup;
			children = (
				7B7562A22834955F00818FC6 /* ResultDisplayView.swift */,
				7B7562922833BFAF00818FC6 /* ContentView.swift */,
				7B75629E2833BFD600818FC6 /* CardView.swift */,
				7B7562C02835153800818FC6 /* ImagePickerView.swift */,
			);
			path = Views;
			sourceTree = "<group>";
		};
		7B754C6728353913005C8D76 /* Model */ = {
			isa = PBXGroup;
			children = (
				7B754C61283534B0005C8D76 /* FruitInformation.swift */,
				7B754C6328353822005C8D76 /* LoadData.swift */,
			);
			path = Model;
			sourceTree = "<group>";
		};
		7B754C682835392E005C8D76 /* Resources */ = {
			isa = PBXGroup;
			children = (
				7B754C6928353E88005C8D76 /* fruitInfo.json */,
				7B7562942833BFB000818FC6 /* Assets.xcassets */,
			);
			path = Resources;
			sourceTree = "<group>";
		};
		7B7562842833BFAF00818FC6 = {
			isa = PBXGroup;
			children = (
				7B75628F2833BFAF00818FC6 /* FruitHealth */,
				7B75628E2833BFAF00818FC6 /* Products */,
			);
			sourceTree = "<group>";
		};
		7B75628E2833BFAF00818FC6 /* Products */ = {
			isa = PBXGroup;
			children = (
				7B75628D2833BFAF00818FC6 /* FruitHealth.app */,
			);
			name = Products;
			sourceTree = "<group>";
		};
		7B75628F2833BFAF00818FC6 /* FruitHealth */ = {
			isa = PBXGroup;
			children = (
				7B7562902833BFAF00818FC6 /* FruitHealthApp.swift */,
				7B754C66283538E4005C8D76 /* Views */,
				7B754C6728353913005C8D76 /* Model */,
				7B754C682835392E005C8D76 /* Resources */,
				7B7562962833BFB000818FC6 /* Preview Content */,
			);
			path = FruitHealth;
			sourceTree = "<group>";
		};
		7B7562962833BFB000818FC6 /* Preview Content */ = {
			isa = PBXGroup;
			children = (
				7B7562972833BFB000818FC6 /* Preview Assets.xcassets */,
			);
			path = "Preview Content";
			sourceTree = "<group>";
		};
/* End PBXGroup section */

/* Begin PBXNativeTarget section */
		7B75628C2833BFAF00818FC6 /* FruitHealth */ = {
			isa = PBXNativeTarget;
			buildConfigurationList = 7B75629B2833BFB000818FC6 /* Build configuration list for PBXNativeTarget "FruitHealth" */;
			buildPhases = (
				7B7562892833BFAF00818FC6 /* Sources */,
				7B75628A2833BFAF00818FC6 /* Frameworks */,
				7B75628B2833BFAF00818FC6 /* Resources */,
			);
			buildRules = (
			);
			dependencies = (
			);
			name = FruitHealth;
			productName = FruitHealth;
			productReference = 7B75628D2833BFAF00818FC6 /* FruitHealth.app */;
			productType = "com.apple.product-type.application";
		};
/* End PBXNativeTarget section */

/* Begin PBXProject section */
		7B7562852833BFAF00818FC6 /* Project object */ = {
			isa = PBXProject;
			attributes = {
				BuildIndependentTargetsInParallel = 1;
				LastSwiftUpdateCheck = 1320;
				LastUpgradeCheck = 1320;
				TargetAttributes = {
					7B75628C2833BFAF00818FC6 = {
						CreatedOnToolsVersion = 13.2.1;
					};
				};
			};
			buildConfigurationList = 7B7562882833BFAF00818FC6 /* Build configuration list for PBXProject "FruitHealth" */;
			compatibilityVersion = "Xcode 13.0";
			developmentRegion = en;
			hasScannedForEncodings = 0;
			knownRegions = (
				en,
				Base,
			);
			mainGroup = 7B7562842833BFAF00818FC6;
			productRefGroup = 7B75628E2833BFAF00818FC6 /* Products */;
			projectDirPath = "";
			projectRoot = "";
			targets = (
				7B75628C2833BFAF00818FC6 /* FruitHealth */,
			);
		};
/* End PBXProject section */

/* Begin PBXResourcesBuildPhase section */
		7B75628B2833BFAF00818FC6 /* Resources */ = {
			isa = PBXResourcesBuildPhase;
			buildActionMask = 2147483647;
			files = (
				7B7562982833BFB000818FC6 /* Preview Assets.xcassets in Resources */,
				7B7562952833BFB000818FC6 /* Assets.xcassets in Resources */,
				7B754C6A28353E88005C8D76 /* fruitInfo.json in Resources */,
			);
			runOnlyForDeploymentPostprocessing = 0;
		};
/* End PBXResourcesBuildPhase section */

/* Begin PBXSourcesBuildPhase section */
		7B7562892833BFAF00818FC6 /* Sources */ = {
			isa = PBXSourcesBuildPhase;
			buildActionMask = 2147483647;
			files = (
				7B7562932833BFAF00818FC6 /* ContentView.swift in Sources */,
				7B754C6428353822005C8D76 /* LoadData.swift in Sources */,
				7B75629F2833BFD600818FC6 /* CardView.swift in Sources */,
				7B7562912833BFAF00818FC6 /* FruitHealthApp.swift in Sources */,
				7B7562A32834955F00818FC6 /* ResultDisplayView.swift in Sources */,
				7B7562C12835153800818FC6 /* ImagePickerView.swift in Sources */,
				7B754C62283534B0005C8D76 /* FruitInformation.swift in Sources */,
			);
			runOnlyForDeploymentPostprocessing = 0;
		};
/* End PBXSourcesBuildPhase section */

/* Begin XCBuildConfiguration section */
		7B7562992833BFB000818FC6 /* Debug */ = {
			isa = XCBuildConfiguration;
			buildSettings = {
				ALWAYS_SEARCH_USER_PATHS = NO;
				CLANG_ANALYZER_NONNULL = YES;
				CLANG_ANALYZER_NUMBER_OBJECT_CONVERSION = YES_AGGRESSIVE;
				CLANG_CXX_LANGUAGE_STANDARD = "gnu++17";
				CLANG_CXX_LIBRARY = "libc++";
				CLANG_ENABLE_MODULES = YES;
				CLANG_ENABLE_OBJC_ARC = YES;
				CLANG_ENABLE_OBJC_WEAK = YES;
				CLANG_WARN_BLOCK_CAPTURE_AUTORELEASING = YES;
				CLANG_WARN_BOOL_CONVERSION = YES;
				CLANG_WARN_COMMA = YES;
				CLANG_WARN_CONSTANT_CONVERSION = YES;
				CLANG_WARN_DEPRECATED_OBJC_IMPLEMENTATIONS = YES;
				CLANG_WARN_DIRECT_OBJC_ISA_USAGE = YES_ERROR;
				CLANG_WARN_DOCUMENTATION_COMMENTS = YES;
				CLANG_WARN_EMPTY_BODY = YES;
				CLANG_WARN_ENUM_CONVERSION = YES;
				CLANG_WARN_INFINITE_RECURSION = YES;
				CLANG_WARN_INT_CONVERSION = YES;
				CLANG_WARN_NON_LITERAL_NULL_CONVERSION = YES;
				CLANG_WARN_OBJC_IMPLICIT_RETAIN_SELF = YES;
				CLANG_WARN_OBJC_LITERAL_CONVERSION = YES;
				CLANG_WARN_OBJC_ROOT_CLASS = YES_ERROR;
				CLANG_WARN_QUOTED_INCLUDE_IN_FRAMEWORK_HEADER = YES;
				CLANG_WARN_RANGE_LOOP_ANALYSIS = YES;
				CLANG_WARN_STRICT_PROTOTYPES = YES;
				CLANG_WARN_SUSPICIOUS_MOVE = YES;
				CLANG_WARN_UNGUARDED_AVAILABILITY = YES_AGGRESSIVE;
				CLANG_WARN_UNREACHABLE_CODE = YES;
				CLANG_WARN__DUPLICATE_METHOD_MATCH = YES;
				COPY_PHASE_STRIP = NO;
				DEBUG_INFORMATION_FORMAT = dwarf;
				ENABLE_STRICT_OBJC_MSGSEND = YES;
				ENABLE_TESTABILITY = YES;
				GCC_C_LANGUAGE_STANDARD = gnu11;
				GCC_DYNAMIC_NO_PIC = NO;
				GCC_NO_COMMON_BLOCKS = YES;
				GCC_OPTIMIZATION_LEVEL = 0;
				GCC_PREPROCESSOR_DEFINITIONS = (
					"DEBUG=1",
					"$(inherited)",
				);
				GCC_WARN_64_TO_32_BIT_CONVERSION = YES;
				GCC_WARN_ABOUT_RETURN_TYPE = YES_ERROR;
				GCC_WARN_UNDECLARED_SELECTOR = YES;
				GCC_WARN_UNINITIALIZED_AUTOS = YES_AGGRESSIVE;
				GCC_WARN_UNUSED_FUNCTION = YES;
				GCC_WARN_UNUSED_VARIABLE = YES;
				IPHONEOS_DEPLOYMENT_TARGET = 15.2;
				MTL_ENABLE_DEBUG_INFO = INCLUDE_SOURCE;
				MTL_FAST_MATH = YES;
				ONLY_ACTIVE_ARCH = YES;
				SDKROOT = iphoneos;
				SWIFT_ACTIVE_COMPILATION_CONDITIONS = DEBUG;
				SWIFT_OPTIMIZATION_LEVEL = "-Onone";
			};
			name = Debug;
		};
		7B75629A2833BFB000818FC6 /* Release */ = {
			isa = XCBuildConfiguration;
			buildSettings = {
				ALWAYS_SEARCH_USER_PATHS = NO;
				CLANG_ANALYZER_NONNULL = YES;
				CLANG_ANALYZER_NUMBER_OBJECT_CONVERSION = YES_AGGRESSIVE;
				CLANG_CXX_LANGUAGE_STANDARD = "gnu++17";
				CLANG_CXX_LIBRARY = "libc++";
				CLANG_ENABLE_MODULES = YES;
				CLANG_ENABLE_OBJC_ARC = YES;
				CLANG_ENABLE_OBJC_WEAK = YES;
				CLANG_WARN_BLOCK_CAPTURE_AUTORELEASING = YES;
				CLANG_WARN_BOOL_CONVERSION = YES;
				CLANG_WARN_COMMA = YES;
				CLANG_WARN_CONSTANT_CONVERSION = YES;
				CLANG_WARN_DEPRECATED_OBJC_IMPLEMENTATIONS = YES;
				CLANG_WARN_DIRECT_OBJC_ISA_USAGE = YES_ERROR;
				CLANG_WARN_DOCUMENTATION_COMMENTS = YES;
				CLANG_WARN_EMPTY_BODY = YES;
				CLANG_WARN_ENUM_CONVERSION = YES;
				CLANG_WARN_INFINITE_RECURSION = YES;
				CLANG_WARN_INT_CONVERSION = YES;
				CLANG_WARN_NON_LITERAL_NULL_CONVERSION = YES;
				CLANG_WARN_OBJC_IMPLICIT_RETAIN_SELF = YES;
				CLANG_WARN_OBJC_LITERAL_CONVERSION = YES;
				CLANG_WARN_OBJC_ROOT_CLASS = YES_ERROR;
				CLANG_WARN_QUOTED_INCLUDE_IN_FRAMEWORK_HEADER = YES;
				CLANG_WARN_RANGE_LOOP_ANALYSIS = YES;
				CLANG_WARN_STRICT_PROTOTYPES = YES;
				CLANG_WARN_SUSPICIOUS_MOVE = YES;
				CLANG_WARN_UNGUARDED_AVAILABILITY = YES_AGGRESSIVE;
				CLANG_WARN_UNREACHABLE_CODE = YES;
				CLANG_WARN__DUPLICATE_METHOD_MATCH = YES;
				COPY_PHASE_STRIP = NO;
				DEBUG_INFORMATION_FORMAT = "dwarf-with-dsym";
				ENABLE_NS_ASSERTIONS = NO;
				ENABLE_STRICT_OBJC_MSGSEND = YES;
				GCC_C_LANGUAGE_STANDARD = gnu11;
				GCC_NO_COMMON_BLOCKS = YES;
				GCC_WARN_64_TO_32_BIT_CONVERSION = YES;
				GCC_WARN_ABOUT_RETURN_TYPE = YES_ERROR;
				GCC_WARN_UNDECLARED_SELECTOR = YES;
				GCC_WARN_UNINITIALIZED_AUTOS = YES_AGGRESSIVE;
				GCC_WARN_UNUSED_FUNCTION = YES;
				GCC_WARN_UNUSED_VARIABLE = YES;
				IPHONEOS_DEPLOYMENT_TARGET = 15.2;
				MTL_ENABLE_DEBUG_INFO = NO;
				MTL_FAST_MATH = YES;
				SDKROOT = iphoneos;
				SWIFT_COMPILATION_MODE = wholemodule;
				SWIFT_OPTIMIZATION_LEVEL = "-O";
				VALIDATE_PRODUCT = YES;
			};
			name = Release;
		};
		7B75629C2833BFB000818FC6 /* Debug */ = {
			isa = XCBuildConfiguration;
			buildSettings = {
				ASSETCATALOG_COMPILER_APPICON_NAME = AppIcon;
				ASSETCATALOG_COMPILER_GLOBAL_ACCENT_COLOR_NAME = AccentColor;
				CODE_SIGN_STYLE = Automatic;
				CURRENT_PROJECT_VERSION = 1;
				DEVELOPMENT_ASSET_PATHS = "\"FruitHealth/Preview Content\"";
				DEVELOPMENT_TEAM = C47TA2XU53;
				ENABLE_PREVIEWS = YES;
				GENERATE_INFOPLIST_FILE = YES;
				INFOPLIST_KEY_UIApplicationSceneManifest_Generation = YES;
				INFOPLIST_KEY_UIApplicationSupportsIndirectInputEvents = YES;
				INFOPLIST_KEY_UILaunchScreen_Generation = YES;
				INFOPLIST_KEY_UISupportedInterfaceOrientations_iPad = "UIInterfaceOrientationPortrait UIInterfaceOrientationPortraitUpsideDown UIInterfaceOrientationLandscapeLeft UIInterfaceOrientationLandscapeRight";
				INFOPLIST_KEY_UISupportedInterfaceOrientations_iPhone = "UIInterfaceOrientationPortrait UIInterfaceOrientationLandscapeLeft UIInterfaceOrientationLandscapeRight";
				LD_RUNPATH_SEARCH_PATHS = (
					"$(inherited)",
					"@executable_path/Frameworks",
				);
				MARKETING_VERSION = 1.0;
				PRODUCT_BUNDLE_IDENTIFIER = com.TeamDLUT.FruitHealth.FruitHealth;
				PRODUCT_NAME = "$(TARGET_NAME)";
				SWIFT_EMIT_LOC_STRINGS = YES;
				SWIFT_VERSION = 5.0;
				TARGETED_DEVICE_FAMILY = "1,2";
			};
			name = Debug;
		};
		7B75629D2833BFB000818FC6 /* Release */ = {
			isa = XCBuildConfiguration;
			buildSettings = {
				ASSETCATALOG_COMPILER_APPICON_NAME = AppIcon;
				ASSETCATALOG_COMPILER_GLOBAL_ACCENT_COLOR_NAME = AccentColor;
				CODE_SIGN_STYLE = Automatic;
				CURRENT_PROJECT_VERSION = 1;
				DEVELOPMENT_ASSET_PATHS = "\"FruitHealth/Preview Content\"";
				DEVELOPMENT_TEAM = C47TA2XU53;
				ENABLE_PREVIEWS = YES;
				GENERATE_INFOPLIST_FILE = YES;
				INFOPLIST_KEY_UIApplicationSceneManifest_Generation = YES;
				INFOPLIST_KEY_UIApplicationSupportsIndirectInputEvents = YES;
				INFOPLIST_KEY_UILaunchScreen_Generation = YES;
				INFOPLIST_KEY_UISupportedInterfaceOrientations_iPad = "UIInterfaceOrientationPortrait UIInterfaceOrientationPortraitUpsideDown UIInterfaceOrientationLandscapeLeft UIInterfaceOrientationLandscapeRight";
				INFOPLIST_KEY_UISupportedInterfaceOrientations_iPhone = "UIInterfaceOrientationPortrait UIInterfaceOrientationLandscapeLeft UIInterfaceOrientationLandscapeRight";
				LD_RUNPATH_SEARCH_PATHS = (
					"$(inherited)",
					"@executable_path/Frameworks",
				);
				MARKETING_VERSION = 1.0;
				PRODUCT_BUNDLE_IDENTIFIER = com.TeamDLUT.FruitHealth.FruitHealth;
				PRODUCT_NAME = "$(TARGET_NAME)";
				SWIFT_EMIT_LOC_STRINGS = YES;
				SWIFT_VERSION = 5.0;
				TARGETED_DEVICE_FAMILY = "1,2";
			};
			name = Release;
		};
/* End XCBuildConfiguration section */

/* Begin XCConfigurationList section */
		7B7562882833BFAF00818FC6 /* Build configuration list for PBXProject "FruitHealth" */ = {
			isa = XCConfigurationList;
			buildConfigurations = (
				7B7562992833BFB000818FC6 /* Debug */,
				7B75629A2833BFB000818FC6 /* Release */,
			);
			defaultConfigurationIsVisible = 0;
			defaultConfigurationName = Release;
		};
		7B75629B2833BFB000818FC6 /* Build configuration list for PBXNativeTarget "FruitHealth" */ = {
			isa = XCConfigurationList;
			buildConfigurations = (
				7B75629C2833BFB000818FC6 /* Debug */,
				7B75629D2833BFB000818FC6 /* Release */,
			);
			defaultConfigurationIsVisible = 0;
			defaultConfigurationName = Release;
		};
/* End XCConfigurationList section */
	};
	rootObject = 7B7562852833BFAF00818FC6 /* Project object */;
}
